// !$*UTF8*$!
{
	archiveVersion = 1;
	classes = {
	};
	objectVersion = 46;
	objects = {

/* Begin PBXBuildFile section */
		34229C2C1E5CB07D00DD5975 /* AppDelegate.swift in Sources */ = {isa = PBXBuildFile; fileRef = 34229C2B1E5CB07D00DD5975 /* AppDelegate.swift */; };
		34229C2E1E5CB07D00DD5975 /* ViewController.swift in Sources */ = {isa = PBXBuildFile; fileRef = 34229C2D1E5CB07D00DD5975 /* ViewController.swift */; };
		34229C311E5CB07D00DD5975 /* Main.storyboard in Resources */ = {isa = PBXBuildFile; fileRef = 34229C2F1E5CB07D00DD5975 /* Main.storyboard */; };
		34229C331E5CB07D00DD5975 /* Assets.xcassets in Resources */ = {isa = PBXBuildFile; fileRef = 34229C321E5CB07D00DD5975 /* Assets.xcassets */; };
		34229C361E5CB07D00DD5975 /* LaunchScreen.storyboard in Resources */ = {isa = PBXBuildFile; fileRef = 34229C341E5CB07D00DD5975 /* LaunchScreen.storyboard */; };
		34229C3F1E5CBBF600DD5975 /* SongData.swift in Sources */ = {isa = PBXBuildFile; fileRef = 34229C3E1E5CBBF600DD5975 /* SongData.swift */; };
/* End PBXBuildFile section */

/* Begin PBXFileReference section */
		34229C281E5CB07D00DD5975 /* Silly Song.app */ = {isa = PBXFileReference; explicitFileType = wrapper.application; includeInIndex = 0; path = "Silly Song.app"; sourceTree = BUILT_PRODUCTS_DIR; };
		34229C2B1E5CB07D00DD5975 /* AppDelegate.swift */ = {isa = PBXFileReference; lastKnownFileType = sourcecode.swift; path = AppDelegate.swift; sourceTree = "<group>"; };
		34229C2D1E5CB07D00DD5975 /* ViewController.swift */ = {isa = PBXFileReference; lastKnownFileType = sourcecode.swift; path = ViewController.swift; sourceTree = "<group>"; };
		34229C301E5CB07D00DD5975 /* Base */ = {isa = PBXFileReference; lastKnownFileType = file.storyboard; name = Base; path = Base.lproj/Main.storyboard; sourceTree = "<group>"; };
		34229C321E5CB07D00DD5975 /* Assets.xcassets */ = {isa = PBXFileReference; lastKnownFileType = folder.assetcatalog; path = Assets.xcassets; sourceTree = "<group>"; };
		34229C351E5CB07D00DD5975 /* Base */ = {isa = PBXFileReference; lastKnownFileType = file.storyboard; name = Base; path = Base.lproj/LaunchScreen.storyboard; sourceTree = "<group>"; };
		34229C371E5CB07D00DD5975 /* Info.plist */ = {isa = PBXFileReference; lastKnownFileType = text.plist.xml; path = Info.plist; sourceTree = "<group>"; };
		34229C3D1E5CB0A200DD5975 /* TestPlayground.playground */ = {isa = PBXFileReference; lastKnownFileType = file.playground; path = TestPlayground.playground; sourceTree = "<group>"; };
		34229C3E1E5CBBF600DD5975 /* SongData.swift */ = {isa = PBXFileReference; fileEncoding = 4; lastKnownFileType = sourcecode.swift; path = SongData.swift; sourceTree = "<group>"; };
/* End PBXFileReference section */

/* Begin PBXFrameworksBuildPhase section */
		34229C251E5CB07D00DD5975 /* Frameworks */ = {
			isa = PBXFrameworksBuildPhase;
			buildActionMask = 2147483647;
			files = (
			);
			runOnlyForDeploymentPostprocessing = 0;
		};
/* End PBXFrameworksBuildPhase section */

/* Begin PBXGroup section */
		34229C1F1E5CB07D00DD5975 = {
			isa = PBXGroup;
			children = (
				34229C2A1E5CB07D00DD5975 /* Silly Song */,
				34229C291E5CB07D00DD5975 /* Products */,
			);
			sourceTree = "<group>";
		};
		34229C291E5CB07D00DD5975 /* Products */ = {
			isa = PBXGroup;
			children = (
				34229C281E5CB07D00DD5975 /* Silly Song.app */,
			);
			name = Products;
			sourceTree = "<group>";
		};
		34229C2A1E5CB07D00DD5975 /* Silly Song */ = {
			isa = PBXGroup;
			children = (
				34229C2B1E5CB07D00DD5975 /* AppDelegate.swift */,
				34229C2D1E5CB07D00DD5975 /* ViewController.swift */,
				34229C3E1E5CBBF600DD5975 /* SongData.swift */,
				34229C2F1E5CB07D00DD5975 /* Main.storyboard */,
				34229C321E5CB07D00DD5975 /* Assets.xcassets */,
				34229C341E5CB07D00DD5975 /* LaunchScreen.storyboard */,
				34229C371E5CB07D00DD5975 /* Info.plist */,
				34229C3D1E5CB0A200DD5975 /* TestPlayground.playground */,
			);
			path = "Silly Song";
			sourceTree = "<group>";
		};
/* End PBXGroup section */

/* Begin PBXNativeTarget section */
		34229C271E5CB07D00DD5975 /* Silly Song */ = {
			isa = PBXNativeTarget;
			buildConfigurationList = 34229C3A1E5CB07D00DD5975 /* Build configuration list for PBXNativeTarget "Silly Song" */;
			buildPhases = (
				34229C241E5CB07D00DD5975 /* Sources */,
				34229C251E5CB07D00DD5975 /* Frameworks */,
				34229C261E5CB07D00DD5975 /* Resources */,
			);
			buildRules = (
			);
			dependencies = (
			);
			name = "Silly Song";
			productName = "Silly Song";
			productReference = 34229C281E5CB07D00DD5975 /* Silly Song.app */;
			productType = "com.apple.product-type.application";
		};
/* End PBXNativeTarget section */

/* Begin PBXProject section */
		34229C201E5CB07D00DD5975 /* Project object */ = {
			isa = PBXProject;
			attributes = {
				LastSwiftUpdateCheck = 0820;
				LastUpgradeCheck = 0820;
				ORGANIZATIONNAME = GhostBirdGames;
				TargetAttributes = {
					34229C271E5CB07D00DD5975 = {
						CreatedOnToolsVersion = 8.2.1;
						ProvisioningStyle = Automatic;
					};
				};
			};
			buildConfigurationList = 34229C231E5CB07D00DD5975 /* Build configuration list for PBXProject "Silly Song" */;
			compatibilityVersion = "Xcode 3.2";
			developmentRegion = English;
			hasScannedForEncodings = 0;
			knownRegions = (
				en,
				Base,
			);
			mainGroup = 34229C1F1E5CB07D00DD5975;
			productRefGroup = 34229C291E5CB07D00DD5975 /* Products */;
			projectDirPath = "";
			projectRoot = "";
			targets = (
				34229C271E5CB07D00DD5975 /* Silly Song */,
			);
		};
/* End PBXProject section */

/* Begin PBXResourcesBuildPhase section */
		34229C261E5CB07D00DD5975 /* Resources */ = {
			isa = PBXResourcesBuildPhase;
			buildActionMask = 2147483647;
			files = (
				34229C361E5CB07D00DD5975 /* LaunchScreen.storyboard in Resources */,
				34229C331E5CB07D00DD5975 /* Assets.xcassets in Resources */,
				34229C311E5CB07D00DD5975 /* Main.storyboard in Resources */,
			);
			runOnlyForDeploymentPostprocessing = 0;
		};
/* End PBXResourcesBuildPhase section */

/* Begin PBXSourcesBuildPhase section */
		34229C241E5CB07D00DD5975 /* Sources */ = {
			isa = PBXSourcesBuildPhase;
			buildActionMask = 2147483647;
			files = (
				34229C2E1E5CB07D00DD5975 /* ViewController.swift in Sources */,
				34229C2C1E5CB07D00DD5975 /* AppDelegate.swift in Sources */,
				34229C3F1E5CBBF600DD5975 /* SongData.swift in Sources */,
			);
			runOnlyForDeploymentPostprocessing = 0;
		};
/* End PBXSourcesBuildPhase section */

/* Begin PBXVariantGroup section */
		34229C2F1E5CB07D00DD5975 /* Main.storyboard */ = {
			isa = PBXVariantGroup;
			children = (
				34229C301E5CB07D00DD5975 /* Base */,
			);
			name = Main.storyboard;
			sourceTree = "<group>";
		};
		34229C341E5CB07D00DD5975 /* LaunchScreen.storyboard */ = {
			isa = PBXVariantGroup;
			children = (
				34229C351E5CB07D00DD5975 /* Base */,
			);
			name = LaunchScreen.storyboard;
			sourceTree = "<group>";
		};
/* End PBXVariantGroup section */

/* Begin XCBuildConfiguration section */
		34229C381E5CB07D00DD5975 /* Debug */ = {
			isa = XCBuildConfiguration;
			buildSettings = {
				ALWAYS_SEARCH_USER_PATHS = NO;
				CLANG_ANALYZER_NONNULL = YES;
				CLANG_CXX_LANGUAGE_STANDARD = "gnu++0x";
				CLANG_CXX_LIBRARY = "libc++";
				CLANG_ENABLE_MODULES = YES;
				CLANG_ENABLE_OBJC_ARC = YES;
				CLANG_WARN_BOOL_CONVERSION = YES;
				CLANG_WARN_CONSTANT_CONVERSION = YES;
				CLANG_WARN_DIRECT_OBJC_ISA_USAGE = YES_ERROR;
				CLANG_WARN_DOCUMENTATION_COMMENTS = YES;
				CLANG_WARN_EMPTY_BODY = YES;
				CLANG_WARN_ENUM_CONVERSION = YES;
				CLANG_WARN_INFINITE_RECURSION = YES;
				CLANG_WARN_INT_CONVERSION = YES;
				CLANG_WARN_OBJC_ROOT_CLASS = YES_ERROR;
				CLANG_WARN_SUSPICIOUS_MOVE = YES;
				CLANG_WARN_UNREACHABLE_CODE = YES;
				CLANG_WARN__DUPLICATE_METHOD_MATCH = YES;
				"CODE_SIGN_IDENTITY[sdk=iphoneos*]" = "iPhone Developer";
				COPY_PHASE_STRIP = NO;
				DEBUG_INFORMATION_FORMAT = dwarf;
				ENABLE_STRICT_OBJC_MSGSEND = YES;
				ENABLE_TESTABILITY = YES;
				GCC_C_LANGUAGE_STANDARD = gnu99;
				GCC_DYNAMIC_NO_PIC = NO;
				GCC_NO_COMMON_BLOCKS = YES;
				GCC_OPTIMIZATION_LEVEL = 0;
				GCC_PREPROCESSOR_DEFINITIONS = (
					"DEBUG=1",
					"$(inherited)",
				);
				GCC_WARN_64_TO_32_BIT_CONVERSION = YES;
				GCC_WARN_ABOUT_RETURN_TYPE = YES_ERROR;
				GCC_WARN_UNDECLARED_SELECTOR = YES;
				GCC_WARN_UNINITIALIZED_AUTOS = YES_AGGRESSIVE;
				GCC_WARN_UNUSED_FUNCTION = YES;
				GCC_WARN_UNUSED_VARIABLE = YES;
				IPHONEOS_DEPLOYMENT_TARGET = 10.2;
				MTL_ENABLE_DEBUG_INFO = YES;
				ONLY_ACTIVE_ARCH = YES;
				SDKROOT = iphoneos;
				SWIFT_ACTIVE_COMPILATION_CONDITIONS = DEBUG;
				SWIFT_OPTIMIZATION_LEVEL = "-Onone";
				TARGETED_DEVICE_FAMILY = "1,2";
			};
			name = Debug;
		};
		34229C391E5CB07D00DD5975 /* Release */ = {
			isa = XCBuildConfiguration;
			buildSettings = {
				ALWAYS_SEARCH_USER_PATHS = NO;
				CLANG_ANALYZER_NONNULL = YES;
				CLANG_CXX_LANGUAGE_STANDARD = "gnu++0x";
				CLANG_CXX_LIBRARY = "libc++";
				CLANG_ENABLE_MODULES = YES;
				CLANG_ENABLE_OBJC_ARC = YES;
				CLANG_WARN_BOOL_CONVERSION = YES;
				CLANG_WARN_CONSTANT_CONVERSION = YES;
				CLANG_WARN_DIRECT_OBJC_ISA_USAGE = YES_ERROR;
				CLANG_WARN_DOCUMENTATION_COMMENTS = YES;
				CLANG_WARN_EMPTY_BODY = YES;
				CLANG_WARN_ENUM_CONVERSION = YES;
				CLANG_WARN_INFINITE_RECURSION = YES;
				CLANG_WARN_INT_CONVERSION = YES;
				CLANG_WARN_OBJC_ROOT_CLASS = YES_ERROR;
				CLANG_WARN_SUSPICIOUS_MOVE = YES;
				CLANG_WARN_UNREACHABLE_CODE = YES;
				CLANG_WARN__DUPLICATE_METHOD_MATCH = YES;
				"CODE_SIGN_IDENTITY[sdk=iphoneos*]" = "iPhone Developer";
				COPY_PHASE_STRIP = NO;
				DEBUG_INFORMATION_FORMAT = "dwarf-with-dsym";
				ENABLE_NS_ASSERTIONS = NO;
				ENABLE_STRICT_OBJC_MSGSEND = YES;
				GCC_C_LANGUAGE_STANDARD = gnu99;
				GCC_NO_COMMON_BLOCKS = YES;
				GCC_WARN_64_TO_32_BIT_CONVERSION = YES;
				GCC_WARN_ABOUT_RETURN_TYPE = YES_ERROR;
				GCC_WARN_UNDECLARED_SELECTOR = YES;
				GCC_WARN_UNINITIALIZED_AUTOS = YES_AGGRESSIVE;
				GCC_WARN_UNUSED_FUNCTION = YES;
				GCC_WARN_UNUSED_VARIABLE = YES;
				IPHONEOS_DEPLOYMENT_TARGET = 10.2;
				MTL_ENABLE_DEBUG_INFO = NO;
				SDKROOT = iphoneos;
				SWIFT_OPTIMIZATION_LEVEL = "-Owholemodule";
				TARGETED_DEVICE_FAMILY = "1,2";
				VALIDATE_PRODUCT = YES;
			};
			name = Release;
		};
		34229C3B1E5CB07D00DD5975 /* Debug */ = {
			isa = XCBuildConfiguration;
			buildSettings = {
				ASSETCATALOG_COMPILER_APPICON_NAME = AppIcon;
				INFOPLIST_FILE = "Silly Song/Info.plist";
				LD_RUNPATH_SEARCH_PATHS = "$(inherited) @executable_path/Frameworks";
				PRODUCT_BUNDLE_IDENTIFIER = "com.ghostbirdgames.Silly-Song";
				PRODUCT_NAME = "$(TARGET_NAME)";
				SWIFT_VERSION = 3.0;
			};
			name = Debug;
		};
		34229C3C1E5CB07D00DD5975 /* Release */ = {
			isa = XCBuildConfiguration;
			buildSettings = {
				ASSETCATALOG_COMPILER_APPICON_NAME = AppIcon;
				INFOPLIST_FILE = "Silly Song/Info.plist";
				LD_RUNPATH_SEARCH_PATHS = "$(inherited) @executable_path/Frameworks";
				PRODUCT_BUNDLE_IDENTIFIER = "com.ghostbirdgames.Silly-Song";
				PRODUCT_NAME = "$(TARGET_NAME)";
				SWIFT_VERSION = 3.0;
			};
			name = Release;
		};
/* End XCBuildConfiguration section */

/* Begin XCConfigurationList section */
		34229C231E5CB07D00DD5975 /* Build configuration list for PBXProject "Silly Song" */ = {
			isa = XCConfigurationList;
			buildConfigurations = (
				34229C381E5CB07D00DD5975 /* Debug */,
				34229C391E5CB07D00DD5975 /* Release */,
			);
			defaultConfigurationIsVisible = 0;
			defaultConfigurationName = Release;
		};
		34229C3A1E5CB07D00DD5975 /* Build configuration list for PBXNativeTarget "Silly Song" */ = {
			isa = XCConfigurationList;
			buildConfigurations = (
				34229C3B1E5CB07D00DD5975 /* Debug */,
				34229C3C1E5CB07D00DD5975 /* Release */,
			);
			defaultConfigurationIsVisible = 0;
		};
/* End XCConfigurationList section */
	};
	rootObject = 34229C201E5CB07D00DD5975 /* Project object */;
}
